
Microsoft Visual Studio Solution File, Format Version 12.00
# Visual Studio 15
VisualStudioVersion = 15.0.36617.4
MinimumVisualStudioVersion = 10.0.40219.1
Project("{F184B08F-C81C-45F6-A57F-5ABD9991F28F}") = "Proyecto4", "Proyec\Proyecto4.vbproj", "{C2B2FD77-5E81-4DF2-8459-2C1A695D30B3}"
EndProject
Global
	GlobalSection(SolutionConfigurationPlatforms) = preSolution
		Debug|Any CPU = Debug|Any CPU
		Release|Any CPU = Release|Any CPU
	EndGlobalSection
	GlobalSection(ProjectConfigurationPlatforms) = postSolution
		{C2B2FD77-5E81-4DF2-8459-2C1A695D30B3}.Debug|Any CPU.ActiveCfg = Debug|Any CPU
		{C2B2FD77-5E81-4DF2-8459-2C1A695D30B3}.Debug|Any CPU.Build.0 = Debug|Any CPU
		{C2B2FD77-5E81-4DF2-8459-2C1A695D30B3}.Release|Any CPU.ActiveCfg = Release|Any CPU
		{C2B2FD77-5E81-4DF2-8459-2C1A695D30B3}.Release|Any CPU.Build.0 = Release|Any CPU
	EndGlobalSection
	GlobalSection(SolutionProperties) = preSolution
		HideSolutionNode = FALSE
	EndGlobalSection
	GlobalSection(ExtensibilityGlobals) = postSolution
		SolutionGuid = {6D52FC88-A1F5-4671-924B-8ACE4C3E1354}
	EndGlobalSection
EndGlobal
